// !$*UTF8*$!
{
	archiveVersion = 1;
	classes = {
	};
	objectVersion = 55;
	objects = {

/* Begin PBXBuildFile section */
		1514DA7F272F2D2800BE23DB /* CreateGameView.swift in Sources */ = {isa = PBXBuildFile; fileRef = 1514DA7E272F2D2800BE23DB /* CreateGameView.swift */; };
		1514DA81272F480D00BE23DB /* PlayerDetailView.swift in Sources */ = {isa = PBXBuildFile; fileRef = 1514DA80272F480D00BE23DB /* PlayerDetailView.swift */; };
		1514DA83272F48E500BE23DB /* GenerateCharacter.swift in Sources */ = {isa = PBXBuildFile; fileRef = 1514DA82272F48E500BE23DB /* GenerateCharacter.swift */; };
		1514DA85272F621000BE23DB /* ManualEntryView.swift in Sources */ = {isa = PBXBuildFile; fileRef = 1514DA84272F621000BE23DB /* ManualEntryView.swift */; };
		17FF7386274AE4DE001F8B90 /* WidgetSubview.swift in Sources */ = {isa = PBXBuildFile; fileRef = 17FF7385274AE4DE001F8B90 /* WidgetSubview.swift */; };
		83AB8D7D272F742700755806 /* CharacterSheet.swift in Sources */ = {isa = PBXBuildFile; fileRef = 83AB8D79272F742600755806 /* CharacterSheet.swift */; };
		83D0A74827337A8F008CCAD7 /* Model.swift in Sources */ = {isa = PBXBuildFile; fileRef = 83D0A74627337A8F008CCAD7 /* Model.swift */; };
		83D0A74927337A8F008CCAD7 /* PlayerView.swift in Sources */ = {isa = PBXBuildFile; fileRef = 83D0A74727337A8F008CCAD7 /* PlayerView.swift */; };
		D173E5FD272B06BD00625CF5 /* letteamnamestringnilApp.swift in Sources */ = {isa = PBXBuildFile; fileRef = D173E5FC272B06BD00625CF5 /* letteamnamestringnilApp.swift */; };
		D173E5FF272B06BD00625CF5 /* ContentView.swift in Sources */ = {isa = PBXBuildFile; fileRef = D173E5FE272B06BD00625CF5 /* ContentView.swift */; };
		D173E601272B06C100625CF5 /* Assets.xcassets in Resources */ = {isa = PBXBuildFile; fileRef = D173E600272B06C100625CF5 /* Assets.xcassets */; };
		D173E604272B06C100625CF5 /* Preview Assets.xcassets in Resources */ = {isa = PBXBuildFile; fileRef = D173E603272B06C100625CF5 /* Preview Assets.xcassets */; };
		D173E606272B06C100625CF5 /* Persistence.swift in Sources */ = {isa = PBXBuildFile; fileRef = D173E605272B06C100625CF5 /* Persistence.swift */; };
		D173E609272B06C100625CF5 /* letteamnamestringnil.xcdatamodeld in Sources */ = {isa = PBXBuildFile; fileRef = D173E607272B06C100625CF5 /* letteamnamestringnil.xcdatamodeld */; };
		D173E616272B07EF00625CF5 /* LoginView.swift in Sources */ = {isa = PBXBuildFile; fileRef = D173E615272B07EF00625CF5 /* LoginView.swift */; };
		D173E618272B07FE00625CF5 /* GamesView.swift in Sources */ = {isa = PBXBuildFile; fileRef = D173E617272B07FE00625CF5 /* GamesView.swift */; };
		D173E61C272B081800625CF5 /* DMView.swift in Sources */ = {isa = PBXBuildFile; fileRef = D173E61B272B081800625CF5 /* DMView.swift */; };
		D173E61E272B082B00625CF5 /* CharacterSheetView.swift in Sources */ = {isa = PBXBuildFile; fileRef = D173E61D272B082B00625CF5 /* CharacterSheetView.swift */; };
		D173E620272B083700625CF5 /* WidgetView.swift in Sources */ = {isa = PBXBuildFile; fileRef = D173E61F272B083700625CF5 /* WidgetView.swift */; };
		D173E622272B084C00625CF5 /* CharacterListView.swift in Sources */ = {isa = PBXBuildFile; fileRef = D173E621272B084C00625CF5 /* CharacterListView.swift */; };
		D173E624272B087000625CF5 /* AddNPCView.swift in Sources */ = {isa = PBXBuildFile; fileRef = D173E623272B087000625CF5 /* AddNPCView.swift */; };
/* End PBXBuildFile section */

/* Begin PBXFileReference section */
		1514DA7E272F2D2800BE23DB /* CreateGameView.swift */ = {isa = PBXFileReference; lastKnownFileType = sourcecode.swift; path = CreateGameView.swift; sourceTree = "<group>"; };
		1514DA80272F480D00BE23DB /* PlayerDetailView.swift */ = {isa = PBXFileReference; lastKnownFileType = sourcecode.swift; path = PlayerDetailView.swift; sourceTree = "<group>"; };
		1514DA82272F48E500BE23DB /* GenerateCharacter.swift */ = {isa = PBXFileReference; lastKnownFileType = sourcecode.swift; path = GenerateCharacter.swift; sourceTree = "<group>"; };
		1514DA84272F621000BE23DB /* ManualEntryView.swift */ = {isa = PBXFileReference; lastKnownFileType = sourcecode.swift; path = ManualEntryView.swift; sourceTree = "<group>"; };
		17FF7385274AE4DE001F8B90 /* WidgetSubview.swift */ = {isa = PBXFileReference; lastKnownFileType = sourcecode.swift; path = WidgetSubview.swift; sourceTree = "<group>"; };
		83AB8D79272F742600755806 /* CharacterSheet.swift */ = {isa = PBXFileReference; fileEncoding = 4; lastKnownFileType = sourcecode.swift; path = CharacterSheet.swift; sourceTree = "<group>"; };
		83D0A74627337A8F008CCAD7 /* Model.swift */ = {isa = PBXFileReference; fileEncoding = 4; lastKnownFileType = sourcecode.swift; path = Model.swift; sourceTree = "<group>"; };
		83D0A74727337A8F008CCAD7 /* PlayerView.swift */ = {isa = PBXFileReference; fileEncoding = 4; lastKnownFileType = sourcecode.swift; path = PlayerView.swift; sourceTree = "<group>"; };
		D173E5F9272B06BD00625CF5 /* letteamnamestringnil.app */ = {isa = PBXFileReference; explicitFileType = wrapper.application; includeInIndex = 0; path = letteamnamestringnil.app; sourceTree = BUILT_PRODUCTS_DIR; };
		D173E5FC272B06BD00625CF5 /* letteamnamestringnilApp.swift */ = {isa = PBXFileReference; lastKnownFileType = sourcecode.swift; path = letteamnamestringnilApp.swift; sourceTree = "<group>"; };
		D173E5FE272B06BD00625CF5 /* ContentView.swift */ = {isa = PBXFileReference; lastKnownFileType = sourcecode.swift; path = ContentView.swift; sourceTree = "<group>"; };
		D173E600272B06C100625CF5 /* Assets.xcassets */ = {isa = PBXFileReference; lastKnownFileType = folder.assetcatalog; path = Assets.xcassets; sourceTree = "<group>"; };
		D173E603272B06C100625CF5 /* Preview Assets.xcassets */ = {isa = PBXFileReference; lastKnownFileType = folder.assetcatalog; path = "Preview Assets.xcassets"; sourceTree = "<group>"; };
		D173E605272B06C100625CF5 /* Persistence.swift */ = {isa = PBXFileReference; lastKnownFileType = sourcecode.swift; path = Persistence.swift; sourceTree = "<group>"; };
		D173E608272B06C100625CF5 /* letteamnamestringnil.xcdatamodel */ = {isa = PBXFileReference; lastKnownFileType = wrapper.xcdatamodel; path = letteamnamestringnil.xcdatamodel; sourceTree = "<group>"; };
		D173E615272B07EF00625CF5 /* LoginView.swift */ = {isa = PBXFileReference; lastKnownFileType = sourcecode.swift; path = LoginView.swift; sourceTree = "<group>"; };
		D173E617272B07FE00625CF5 /* GamesView.swift */ = {isa = PBXFileReference; lastKnownFileType = sourcecode.swift; path = GamesView.swift; sourceTree = "<group>"; };
		D173E61B272B081800625CF5 /* DMView.swift */ = {isa = PBXFileReference; lastKnownFileType = sourcecode.swift; path = DMView.swift; sourceTree = "<group>"; };
		D173E61D272B082B00625CF5 /* CharacterSheetView.swift */ = {isa = PBXFileReference; lastKnownFileType = sourcecode.swift; path = CharacterSheetView.swift; sourceTree = "<group>"; };
		D173E61F272B083700625CF5 /* WidgetView.swift */ = {isa = PBXFileReference; lastKnownFileType = sourcecode.swift; path = WidgetView.swift; sourceTree = "<group>"; };
		D173E621272B084C00625CF5 /* CharacterListView.swift */ = {isa = PBXFileReference; lastKnownFileType = sourcecode.swift; path = CharacterListView.swift; sourceTree = "<group>"; };
		D173E623272B087000625CF5 /* AddNPCView.swift */ = {isa = PBXFileReference; lastKnownFileType = sourcecode.swift; path = AddNPCView.swift; sourceTree = "<group>"; };
/* End PBXFileReference section */

/* Begin PBXFrameworksBuildPhase section */
		D173E5F6272B06BD00625CF5 /* Frameworks */ = {
			isa = PBXFrameworksBuildPhase;
			buildActionMask = 2147483647;
			files = (
			);
			runOnlyForDeploymentPostprocessing = 0;
		};
/* End PBXFrameworksBuildPhase section */

/* Begin PBXGroup section */
		D173E5F0272B06BD00625CF5 = {
			isa = PBXGroup;
			children = (
				D173E5FB272B06BD00625CF5 /* letteamnamestringnil */,
				D173E5FA272B06BD00625CF5 /* Products */,
			);
			sourceTree = "<group>";
		};
		D173E5FA272B06BD00625CF5 /* Products */ = {
			isa = PBXGroup;
			children = (
				D173E5F9272B06BD00625CF5 /* letteamnamestringnil.app */,
			);
			name = Products;
			sourceTree = "<group>";
		};
		D173E5FB272B06BD00625CF5 /* letteamnamestringnil */ = {
			isa = PBXGroup;
			children = (
				D173E5FC272B06BD00625CF5 /* letteamnamestringnilApp.swift */,
				D173E5FE272B06BD00625CF5 /* ContentView.swift */,
				D173E600272B06C100625CF5 /* Assets.xcassets */,
				D173E605272B06C100625CF5 /* Persistence.swift */,
				D173E607272B06C100625CF5 /* letteamnamestringnil.xcdatamodeld */,
				D173E602272B06C100625CF5 /* Preview Content */,
				D173E615272B07EF00625CF5 /* LoginView.swift */,
				D173E617272B07FE00625CF5 /* GamesView.swift */,
				D173E61B272B081800625CF5 /* DMView.swift */,
				D173E61D272B082B00625CF5 /* CharacterSheetView.swift */,
				D173E61F272B083700625CF5 /* WidgetView.swift */,
				D173E621272B084C00625CF5 /* CharacterListView.swift */,
				D173E623272B087000625CF5 /* AddNPCView.swift */,
				1514DA7E272F2D2800BE23DB /* CreateGameView.swift */,
				1514DA80272F480D00BE23DB /* PlayerDetailView.swift */,
				1514DA82272F48E500BE23DB /* GenerateCharacter.swift */,
				1514DA84272F621000BE23DB /* ManualEntryView.swift */,
				83D0A74727337A8F008CCAD7 /* PlayerView.swift */,
				83AB8D79272F742600755806 /* CharacterSheet.swift */,
				83D0A74627337A8F008CCAD7 /* Model.swift */,
				17FF7385274AE4DE001F8B90 /* WidgetSubview.swift */,
			);
			path = letteamnamestringnil;
			sourceTree = "<group>";
		};
		D173E602272B06C100625CF5 /* Preview Content */ = {
			isa = PBXGroup;
			children = (
				D173E603272B06C100625CF5 /* Preview Assets.xcassets */,
			);
			path = "Preview Content";
			sourceTree = "<group>";
		};
/* End PBXGroup section */

/* Begin PBXNativeTarget section */
		D173E5F8272B06BD00625CF5 /* letteamnamestringnil */ = {
			isa = PBXNativeTarget;
			buildConfigurationList = D173E60C272B06C100625CF5 /* Build configuration list for PBXNativeTarget "letteamnamestringnil" */;
			buildPhases = (
				D173E5F5272B06BD00625CF5 /* Sources */,
				D173E5F6272B06BD00625CF5 /* Frameworks */,
				D173E5F7272B06BD00625CF5 /* Resources */,
			);
			buildRules = (
			);
			dependencies = (
			);
			name = letteamnamestringnil;
			productName = letteamnamestringnil;
			productReference = D173E5F9272B06BD00625CF5 /* letteamnamestringnil.app */;
			productType = "com.apple.product-type.application";
		};
/* End PBXNativeTarget section */

/* Begin PBXProject section */
		D173E5F1272B06BD00625CF5 /* Project object */ = {
			isa = PBXProject;
			attributes = {
				BuildIndependentTargetsInParallel = 1;
				LastSwiftUpdateCheck = 1300;
				LastUpgradeCheck = 1300;
				TargetAttributes = {
					D173E5F8272B06BD00625CF5 = {
						CreatedOnToolsVersion = 13.0;
					};
				};
			};
			buildConfigurationList = D173E5F4272B06BD00625CF5 /* Build configuration list for PBXProject "letteamnamestringnil" */;
			compatibilityVersion = "Xcode 13.0";
			developmentRegion = en;
			hasScannedForEncodings = 0;
			knownRegions = (
				en,
				Base,
			);
			mainGroup = D173E5F0272B06BD00625CF5;
			productRefGroup = D173E5FA272B06BD00625CF5 /* Products */;
			projectDirPath = "";
			projectRoot = "";
			targets = (
				D173E5F8272B06BD00625CF5 /* letteamnamestringnil */,
			);
		};
/* End PBXProject section */

/* Begin PBXResourcesBuildPhase section */
		D173E5F7272B06BD00625CF5 /* Resources */ = {
			isa = PBXResourcesBuildPhase;
			buildActionMask = 2147483647;
			files = (
				D173E604272B06C100625CF5 /* Preview Assets.xcassets in Resources */,
				D173E601272B06C100625CF5 /* Assets.xcassets in Resources */,
			);
			runOnlyForDeploymentPostprocessing = 0;
		};
/* End PBXResourcesBuildPhase section */

/* Begin PBXSourcesBuildPhase section */
		D173E5F5272B06BD00625CF5 /* Sources */ = {
			isa = PBXSourcesBuildPhase;
			buildActionMask = 2147483647;
			files = (
				D173E622272B084C00625CF5 /* CharacterListView.swift in Sources */,
				D173E618272B07FE00625CF5 /* GamesView.swift in Sources */,
				1514DA83272F48E500BE23DB /* GenerateCharacter.swift in Sources */,
				83D0A74927337A8F008CCAD7 /* PlayerView.swift in Sources */,
				1514DA81272F480D00BE23DB /* PlayerDetailView.swift in Sources */,
				D173E609272B06C100625CF5 /* letteamnamestringnil.xcdatamodeld in Sources */,
				D173E624272B087000625CF5 /* AddNPCView.swift in Sources */,
				D173E61C272B081800625CF5 /* DMView.swift in Sources */,
				1514DA7F272F2D2800BE23DB /* CreateGameView.swift in Sources */,
				D173E620272B083700625CF5 /* WidgetView.swift in Sources */,
				D173E606272B06C100625CF5 /* Persistence.swift in Sources */,
				1514DA85272F621000BE23DB /* ManualEntryView.swift in Sources */,
				D173E61E272B082B00625CF5 /* CharacterSheetView.swift in Sources */,
				D173E5FF272B06BD00625CF5 /* ContentView.swift in Sources */,
				D173E616272B07EF00625CF5 /* LoginView.swift in Sources */,
				17FF7386274AE4DE001F8B90 /* WidgetSubview.swift in Sources */,
				83AB8D7D272F742700755806 /* CharacterSheet.swift in Sources */,
				83D0A74827337A8F008CCAD7 /* Model.swift in Sources */,
				D173E5FD272B06BD00625CF5 /* letteamnamestringnilApp.swift in Sources */,
			);
			runOnlyForDeploymentPostprocessing = 0;
		};
/* End PBXSourcesBuildPhase section */

/* Begin XCBuildConfiguration section */
		D173E60A272B06C100625CF5 /* Debug */ = {
			isa = XCBuildConfiguration;
			buildSettings = {
				ALWAYS_SEARCH_USER_PATHS = NO;
				CLANG_ANALYZER_NONNULL = YES;
				CLANG_ANALYZER_NUMBER_OBJECT_CONVERSION = YES_AGGRESSIVE;
				CLANG_CXX_LANGUAGE_STANDARD = "gnu++17";
				CLANG_CXX_LIBRARY = "libc++";
				CLANG_ENABLE_MODULES = YES;
				CLANG_ENABLE_OBJC_ARC = YES;
				CLANG_ENABLE_OBJC_WEAK = YES;
				CLANG_WARN_BLOCK_CAPTURE_AUTORELEASING = YES;
				CLANG_WARN_BOOL_CONVERSION = YES;
				CLANG_WARN_COMMA = YES;
				CLANG_WARN_CONSTANT_CONVERSION = YES;
				CLANG_WARN_DEPRECATED_OBJC_IMPLEMENTATIONS = YES;
				CLANG_WARN_DIRECT_OBJC_ISA_USAGE = YES_ERROR;
				CLANG_WARN_DOCUMENTATION_COMMENTS = YES;
				CLANG_WARN_EMPTY_BODY = YES;
				CLANG_WARN_ENUM_CONVERSION = YES;
				CLANG_WARN_INFINITE_RECURSION = YES;
				CLANG_WARN_INT_CONVERSION = YES;
				CLANG_WARN_NON_LITERAL_NULL_CONVERSION = YES;
				CLANG_WARN_OBJC_IMPLICIT_RETAIN_SELF = YES;
				CLANG_WARN_OBJC_LITERAL_CONVERSION = YES;
				CLANG_WARN_OBJC_ROOT_CLASS = YES_ERROR;
				CLANG_WARN_QUOTED_INCLUDE_IN_FRAMEWORK_HEADER = YES;
				CLANG_WARN_RANGE_LOOP_ANALYSIS = YES;
				CLANG_WARN_STRICT_PROTOTYPES = YES;
				CLANG_WARN_SUSPICIOUS_MOVE = YES;
				CLANG_WARN_UNGUARDED_AVAILABILITY = YES_AGGRESSIVE;
				CLANG_WARN_UNREACHABLE_CODE = YES;
				CLANG_WARN__DUPLICATE_METHOD_MATCH = YES;
				COPY_PHASE_STRIP = NO;
				DEBUG_INFORMATION_FORMAT = dwarf;
				ENABLE_STRICT_OBJC_MSGSEND = YES;
				ENABLE_TESTABILITY = YES;
				GCC_C_LANGUAGE_STANDARD = gnu11;
				GCC_DYNAMIC_NO_PIC = NO;
				GCC_NO_COMMON_BLOCKS = YES;
				GCC_OPTIMIZATION_LEVEL = 0;
				GCC_PREPROCESSOR_DEFINITIONS = (
					"DEBUG=1",
					"$(inherited)",
				);
				GCC_WARN_64_TO_32_BIT_CONVERSION = YES;
				GCC_WARN_ABOUT_RETURN_TYPE = YES_ERROR;
				GCC_WARN_UNDECLARED_SELECTOR = YES;
				GCC_WARN_UNINITIALIZED_AUTOS = YES_AGGRESSIVE;
				GCC_WARN_UNUSED_FUNCTION = YES;
				GCC_WARN_UNUSED_VARIABLE = YES;
				IPHONEOS_DEPLOYMENT_TARGET = 15.0;
				MTL_ENABLE_DEBUG_INFO = INCLUDE_SOURCE;
				MTL_FAST_MATH = YES;
				ONLY_ACTIVE_ARCH = YES;
				SDKROOT = iphoneos;
				SWIFT_ACTIVE_COMPILATION_CONDITIONS = DEBUG;
				SWIFT_OPTIMIZATION_LEVEL = "-Onone";
			};
			name = Debug;
		};
		D173E60B272B06C100625CF5 /* Release */ = {
			isa = XCBuildConfiguration;
			buildSettings = {
				ALWAYS_SEARCH_USER_PATHS = NO;
				CLANG_ANALYZER_NONNULL = YES;
				CLANG_ANALYZER_NUMBER_OBJECT_CONVERSION = YES_AGGRESSIVE;
				CLANG_CXX_LANGUAGE_STANDARD = "gnu++17";
				CLANG_CXX_LIBRARY = "libc++";
				CLANG_ENABLE_MODULES = YES;
				CLANG_ENABLE_OBJC_ARC = YES;
				CLANG_ENABLE_OBJC_WEAK = YES;
				CLANG_WARN_BLOCK_CAPTURE_AUTORELEASING = YES;
				CLANG_WARN_BOOL_CONVERSION = YES;
				CLANG_WARN_COMMA = YES;
				CLANG_WARN_CONSTANT_CONVERSION = YES;
				CLANG_WARN_DEPRECATED_OBJC_IMPLEMENTATIONS = YES;
				CLANG_WARN_DIRECT_OBJC_ISA_USAGE = YES_ERROR;
				CLANG_WARN_DOCUMENTATION_COMMENTS = YES;
				CLANG_WARN_EMPTY_BODY = YES;
				CLANG_WARN_ENUM_CONVERSION = YES;
				CLANG_WARN_INFINITE_RECURSION = YES;
				CLANG_WARN_INT_CONVERSION = YES;
				CLANG_WARN_NON_LITERAL_NULL_CONVERSION = YES;
				CLANG_WARN_OBJC_IMPLICIT_RETAIN_SELF = YES;
				CLANG_WARN_OBJC_LITERAL_CONVERSION = YES;
				CLANG_WARN_OBJC_ROOT_CLASS = YES_ERROR;
				CLANG_WARN_QUOTED_INCLUDE_IN_FRAMEWORK_HEADER = YES;
				CLANG_WARN_RANGE_LOOP_ANALYSIS = YES;
				CLANG_WARN_STRICT_PROTOTYPES = YES;
				CLANG_WARN_SUSPICIOUS_MOVE = YES;
				CLANG_WARN_UNGUARDED_AVAILABILITY = YES_AGGRESSIVE;
				CLANG_WARN_UNREACHABLE_CODE = YES;
				CLANG_WARN__DUPLICATE_METHOD_MATCH = YES;
				COPY_PHASE_STRIP = NO;
				DEBUG_INFORMATION_FORMAT = "dwarf-with-dsym";
				ENABLE_NS_ASSERTIONS = NO;
				ENABLE_STRICT_OBJC_MSGSEND = YES;
				GCC_C_LANGUAGE_STANDARD = gnu11;
				GCC_NO_COMMON_BLOCKS = YES;
				GCC_WARN_64_TO_32_BIT_CONVERSION = YES;
				GCC_WARN_ABOUT_RETURN_TYPE = YES_ERROR;
				GCC_WARN_UNDECLARED_SELECTOR = YES;
				GCC_WARN_UNINITIALIZED_AUTOS = YES_AGGRESSIVE;
				GCC_WARN_UNUSED_FUNCTION = YES;
				GCC_WARN_UNUSED_VARIABLE = YES;
				IPHONEOS_DEPLOYMENT_TARGET = 15.0;
				MTL_ENABLE_DEBUG_INFO = NO;
				MTL_FAST_MATH = YES;
				SDKROOT = iphoneos;
				SWIFT_COMPILATION_MODE = wholemodule;
				SWIFT_OPTIMIZATION_LEVEL = "-O";
				VALIDATE_PRODUCT = YES;
			};
			name = Release;
		};
		D173E60D272B06C100625CF5 /* Debug */ = {
			isa = XCBuildConfiguration;
			buildSettings = {
				ASSETCATALOG_COMPILER_APPICON_NAME = AppIcon;
				ASSETCATALOG_COMPILER_GLOBAL_ACCENT_COLOR_NAME = AccentColor;
				CODE_SIGN_STYLE = Automatic;
				CURRENT_PROJECT_VERSION = 1;
				DEVELOPMENT_ASSET_PATHS = "\"letteamnamestringnil/Preview Content\"";
				DEVELOPMENT_TEAM = Y6K3MY536N;
				ENABLE_PREVIEWS = YES;
				GENERATE_INFOPLIST_FILE = YES;
				INFOPLIST_KEY_UIApplicationSceneManifest_Generation = YES;
				INFOPLIST_KEY_UIApplicationSupportsIndirectInputEvents = YES;
				INFOPLIST_KEY_UILaunchScreen_Generation = YES;
				INFOPLIST_KEY_UISupportedInterfaceOrientations_iPad = "UIInterfaceOrientationPortrait UIInterfaceOrientationPortraitUpsideDown UIInterfaceOrientationLandscapeLeft UIInterfaceOrientationLandscapeRight";
				INFOPLIST_KEY_UISupportedInterfaceOrientations_iPhone = "UIInterfaceOrientationPortrait UIInterfaceOrientationLandscapeLeft UIInterfaceOrientationLandscapeRight";
				IPHONEOS_DEPLOYMENT_TARGET = 14.0;
				LD_RUNPATH_SEARCH_PATHS = (
					"$(inherited)",
					"@executable_path/Frameworks",
				);
				MARKETING_VERSION = 1.0;
				PRODUCT_BUNDLE_IDENTIFIER = edu.umich.abifox.letteamnamestringnil;
				PRODUCT_NAME = "$(TARGET_NAME)";
				SWIFT_EMIT_LOC_STRINGS = YES;
				SWIFT_VERSION = 5.0;
				TARGETED_DEVICE_FAMILY = "1,2";
			};
			name = Debug;
		};
		D173E60E272B06C100625CF5 /* Release */ = {
			isa = XCBuildConfiguration;
			buildSettings = {
				ASSETCATALOG_COMPILER_APPICON_NAME = AppIcon;
				ASSETCATALOG_COMPILER_GLOBAL_ACCENT_COLOR_NAME = AccentColor;
				CODE_SIGN_STYLE = Automatic;
				CURRENT_PROJECT_VERSION = 1;
				DEVELOPMENT_ASSET_PATHS = "\"letteamnamestringnil/Preview Content\"";
				DEVELOPMENT_TEAM = Y6K3MY536N;
				ENABLE_PREVIEWS = YES;
				GENERATE_INFOPLIST_FILE = YES;
				INFOPLIST_KEY_UIApplicationSceneManifest_Generation = YES;
				INFOPLIST_KEY_UIApplicationSupportsIndirectInputEvents = YES;
				INFOPLIST_KEY_UILaunchScreen_Generation = YES;
				INFOPLIST_KEY_UISupportedInterfaceOrientations_iPad = "UIInterfaceOrientationPortrait UIInterfaceOrientationPortraitUpsideDown UIInterfaceOrientationLandscapeLeft UIInterfaceOrientationLandscapeRight";
				INFOPLIST_KEY_UISupportedInterfaceOrientations_iPhone = "UIInterfaceOrientationPortrait UIInterfaceOrientationLandscapeLeft UIInterfaceOrientationLandscapeRight";
				IPHONEOS_DEPLOYMENT_TARGET = 14.0;
				LD_RUNPATH_SEARCH_PATHS = (
					"$(inherited)",
					"@executable_path/Frameworks",
				);
				MARKETING_VERSION = 1.0;
				PRODUCT_BUNDLE_IDENTIFIER = edu.umich.abifox.letteamnamestringnil;
				PRODUCT_NAME = "$(TARGET_NAME)";
				SWIFT_EMIT_LOC_STRINGS = YES;
				SWIFT_VERSION = 5.0;
				TARGETED_DEVICE_FAMILY = "1,2";
			};
			name = Release;
		};
/* End XCBuildConfiguration section */

/* Begin XCConfigurationList section */
		D173E5F4272B06BD00625CF5 /* Build configuration list for PBXProject "letteamnamestringnil" */ = {
			isa = XCConfigurationList;
			buildConfigurations = (
				D173E60A272B06C100625CF5 /* Debug */,
				D173E60B272B06C100625CF5 /* Release */,
			);
			defaultConfigurationIsVisible = 0;
			defaultConfigurationName = Release;
		};
		D173E60C272B06C100625CF5 /* Build configuration list for PBXNativeTarget "letteamnamestringnil" */ = {
			isa = XCConfigurationList;
			buildConfigurations = (
				D173E60D272B06C100625CF5 /* Debug */,
				D173E60E272B06C100625CF5 /* Release */,
			);
			defaultConfigurationIsVisible = 0;
			defaultConfigurationName = Release;
		};
/* End XCConfigurationList section */

/* Begin XCVersionGroup section */
		D173E607272B06C100625CF5 /* letteamnamestringnil.xcdatamodeld */ = {
			isa = XCVersionGroup;
			children = (
				D173E608272B06C100625CF5 /* letteamnamestringnil.xcdatamodel */,
			);
			currentVersion = D173E608272B06C100625CF5 /* letteamnamestringnil.xcdatamodel */;
			path = letteamnamestringnil.xcdatamodeld;
			sourceTree = "<group>";
			versionGroupType = wrapper.xcdatamodel;
		};
/* End XCVersionGroup section */
	};
	rootObject = D173E5F1272B06BD00625CF5 /* Project object */;
}
